Microsoft Visual Studio Solution File, Format Version 12.00
# Visual Studio Version 17
VisualStudioVersion = 17.12.35527.113
MinimumVisualStudioVersion = 10.0.40219.1
Project("{FAE04EC0-301F-11D3-BF4B-00C04F79EFBC}") = "Engine", "MinakuruEngine\Engine.csproj", "{8A125FFF-84B2-4D83-9CEE-EA8F01AC0617}"
EndProject
Project("{FAE04EC0-301F-11D3-BF4B-00C04F79EFBC}") = "UciServer", "UciServer\UciServer.csproj", "{61AAFDC9-63C2-4034-8EE3-339B4BE1495D}"
EndProject
Project("{FAE04EC0-301F-11D3-BF4B-00C04F79EFBC}") = "Engine.UnitTests", "Engine.UnitTests\Engine.UnitTests.csproj", "{1D679134-C43A-4117-8232-F1E83026CD5F}"
EndProject
Project("{2150E333-8FDC-42A3-9474-1A3956D46DE8}") = "Solution Items", "Solution Items", "{17166A16-DCD2-4924-9070-D21C8C306855}"
	ProjectSection(SolutionItems) = preProject
		.editorconfig = .editorconfig
	EndProjectSection
EndProject
Project("{FAE04EC0-301F-11D3-BF4B-00C04F79EFBC}") = "Engine.PerftTests", "Engine.PerftTests\Engine.PerftTests.csproj", "{C2700E88-1CB9-4B25-96B9-BDBABE9E9F89}"
EndProject
Project("{FAE04EC0-301F-11D3-BF4B-00C04F79EFBC}") = "Engine.Benchmarks", "Engine.Benchmarks\Engine.Benchmarks.csproj", "{D6658480-7860-4712-90B8-03B2423ECED9}"
EndProject
Global
	GlobalSection(SolutionConfigurationPlatforms) = preSolution
		Debug|AMD64 = Debug|AMD64
		Debug|ARM64 = Debug|ARM64
		Debug|x64 = Debug|x64
		Release|AMD64 = Release|AMD64
		Release|ARM64 = Release|ARM64
		Release|x64 = Release|x64
	EndGlobalSection
	GlobalSection(ProjectConfigurationPlatforms) = postSolution
		{8A125FFF-84B2-4D83-9CEE-EA8F01AC0617}.Debug|AMD64.ActiveCfg = Debug|AMD64
		{8A125FFF-84B2-4D83-9CEE-EA8F01AC0617}.Debug|AMD64.Build.0 = Debug|AMD64
		{8A125FFF-84B2-4D83-9CEE-EA8F01AC0617}.Debug|ARM64.ActiveCfg = Debug|ARM64
		{8A125FFF-84B2-4D83-9CEE-EA8F01AC0617}.Debug|ARM64.Build.0 = Debug|ARM64
		{8A125FFF-84B2-4D83-9CEE-EA8F01AC0617}.Debug|x64.ActiveCfg = Debug|x64
		{8A125FFF-84B2-4D83-9CEE-EA8F01AC0617}.Debug|x64.Build.0 = Debug|x64
		{8A125FFF-84B2-4D83-9CEE-EA8F01AC0617}.Release|AMD64.ActiveCfg = Release|AMD64
		{8A125FFF-84B2-4D83-9CEE-EA8F01AC0617}.Release|AMD64.Build.0 = Release|AMD64
		{8A125FFF-84B2-4D83-9CEE-EA8F01AC0617}.Release|ARM64.ActiveCfg = Release|ARM64
		{8A125FFF-84B2-4D83-9CEE-EA8F01AC0617}.Release|ARM64.Build.0 = Release|ARM64
		{8A125FFF-84B2-4D83-9CEE-EA8F01AC0617}.Release|x64.ActiveCfg = Release|x64
		{8A125FFF-84B2-4D83-9CEE-EA8F01AC0617}.Release|x64.Build.0 = Release|x64
		{61AAFDC9-63C2-4034-8EE3-339B4BE1495D}.Debug|AMD64.ActiveCfg = Debug|AMD64
		{61AAFDC9-63C2-4034-8EE3-339B4BE1495D}.Debug|AMD64.Build.0 = Debug|AMD64
		{61AAFDC9-63C2-4034-8EE3-339B4BE1495D}.Debug|ARM64.ActiveCfg = Debug|ARM64
		{61AAFDC9-63C2-4034-8EE3-339B4BE1495D}.Debug|ARM64.Build.0 = Debug|ARM64
		{61AAFDC9-63C2-4034-8EE3-339B4BE1495D}.Debug|x64.ActiveCfg = Debug|ARM64
		{61AAFDC9-63C2-4034-8EE3-339B4BE1495D}.Debug|x64.Build.0 = Debug|ARM64
		{61AAFDC9-63C2-4034-8EE3-339B4BE1495D}.Release|AMD64.ActiveCfg = Release|AMD64
		{61AAFDC9-63C2-4034-8EE3-339B4BE1495D}.Release|AMD64.Build.0 = Release|AMD64
		{61AAFDC9-63C2-4034-8EE3-339B4BE1495D}.Release|ARM64.ActiveCfg = Release|ARM64
		{61AAFDC9-63C2-4034-8EE3-339B4BE1495D}.Release|ARM64.Build.0 = Release|ARM64
		{61AAFDC9-63C2-4034-8EE3-339B4BE1495D}.Release|x64.ActiveCfg = Release|AMD64
		{61AAFDC9-63C2-4034-8EE3-339B4BE1495D}.Release|x64.Build.0 = Release|AMD64
		{1D679134-C43A-4117-8232-F1E83026CD5F}.Debug|AMD64.ActiveCfg = Debug|Any CPU
		{1D679134-C43A-4117-8232-F1E83026CD5F}.Debug|AMD64.Build.0 = Debug|Any CPU
		{1D679134-C43A-4117-8232-F1E83026CD5F}.Debug|ARM64.ActiveCfg = Debug|Any CPU
		{1D679134-C43A-4117-8232-F1E83026CD5F}.Debug|ARM64.Build.0 = Debug|Any CPU
		{1D679134-C43A-4117-8232-F1E83026CD5F}.Debug|x64.ActiveCfg = Debug|Any CPU
		{1D679134-C43A-4117-8232-F1E83026CD5F}.Debug|x64.Build.0 = Debug|Any CPU
		{1D679134-C43A-4117-8232-F1E83026CD5F}.Release|AMD64.ActiveCfg = Release|Any CPU
		{1D679134-C43A-4117-8232-F1E83026CD5F}.Release|AMD64.Build.0 = Release|Any CPU
		{1D679134-C43A-4117-8232-F1E83026CD5F}.Release|ARM64.ActiveCfg = Release|Any CPU
		{1D679134-C43A-4117-8232-F1E83026CD5F}.Release|ARM64.Build.0 = Release|Any CPU
		{1D679134-C43A-4117-8232-F1E83026CD5F}.Release|x64.ActiveCfg = Release|Any CPU
		{1D679134-C43A-4117-8232-F1E83026CD5F}.Release|x64.Build.0 = Release|Any CPU
		{C2700E88-1CB9-4B25-96B9-BDBABE9E9F89}.Debug|AMD64.ActiveCfg = Debug|Any CPU
		{C2700E88-1CB9-4B25-96B9-BDBABE9E9F89}.Debug|AMD64.Build.0 = Debug|Any CPU
		{C2700E88-1CB9-4B25-96B9-BDBABE9E9F89}.Debug|ARM64.ActiveCfg = Debug|Any CPU
		{C2700E88-1CB9-4B25-96B9-BDBABE9E9F89}.Debug|ARM64.Build.0 = Debug|Any CPU
		{C2700E88-1CB9-4B25-96B9-BDBABE9E9F89}.Debug|x64.ActiveCfg = Debug|Any CPU
		{C2700E88-1CB9-4B25-96B9-BDBABE9E9F89}.Debug|x64.Build.0 = Debug|Any CPU
		{C2700E88-1CB9-4B25-96B9-BDBABE9E9F89}.Release|AMD64.ActiveCfg = Release|Any CPU
		{C2700E88-1CB9-4B25-96B9-BDBABE9E9F89}.Release|AMD64.Build.0 = Release|Any CPU
		{C2700E88-1CB9-4B25-96B9-BDBABE9E9F89}.Release|ARM64.ActiveCfg = Release|Any CPU
		{C2700E88-1CB9-4B25-96B9-BDBABE9E9F89}.Release|ARM64.Build.0 = Release|Any CPU
		{C2700E88-1CB9-4B25-96B9-BDBABE9E9F89}.Release|x64.ActiveCfg = Release|Any CPU
		{C2700E88-1CB9-4B25-96B9-BDBABE9E9F89}.Release|x64.Build.0 = Release|Any CPU
		{D6658480-7860-4712-90B8-03B2423ECED9}.Debug|AMD64.ActiveCfg = Debug|Any CPU
		{D6658480-7860-4712-90B8-03B2423ECED9}.Debug|AMD64.Build.0 = Debug|Any CPU
		{D6658480-7860-4712-90B8-03B2423ECED9}.Debug|ARM64.ActiveCfg = Debug|Any CPU
		{D6658480-7860-4712-90B8-03B2423ECED9}.Debug|ARM64.Build.0 = Debug|Any CPU
		{D6658480-7860-4712-90B8-03B2423ECED9}.Debug|x64.ActiveCfg = Debug|Any CPU
		{D6658480-7860-4712-90B8-03B2423ECED9}.Debug|x64.Build.0 = Debug|Any CPU
		{D6658480-7860-4712-90B8-03B2423ECED9}.Release|AMD64.ActiveCfg = Release|Any CPU
		{D6658480-7860-4712-90B8-03B2423ECED9}.Release|AMD64.Build.0 = Release|Any CPU
		{D6658480-7860-4712-90B8-03B2423ECED9}.Release|ARM64.ActiveCfg = Release|Any CPU
		{D6658480-7860-4712-90B8-03B2423ECED9}.Release|ARM64.Build.0 = Release|Any CPU
		{D6658480-7860-4712-90B8-03B2423ECED9}.Release|x64.ActiveCfg = Release|Any CPU
		{D6658480-7860-4712-90B8-03B2423ECED9}.Release|x64.Build.0 = Release|Any CPU
	EndGlobalSection
	GlobalSection(SolutionProperties) = preSolution
		HideSolutionNode = FALSE
	EndGlobalSection
EndGlobal
